
Microsoft Visual Studio Solution File, Format Version 12.00
# Visual Studio Version 18
VisualStudioVersion = 18.3.11505.172
MinimumVisualStudioVersion = 10.0.40219.1
Project("{8BC9CEB8-8B4A-11D0-8D11-00A0C91BC942}") = "gplat", "gplat\gplat.vcxproj", "{531CBA93-B40F-460F-8781-3F9212B8E07A}"
EndProject
Project("{8BC9CEB8-8B4A-11D0-8D11-00A0C91BC942}") = "higplat", "higplat\higplat.vcxproj", "{AED5EBBD-9873-46BD-9EEA-9552102F840A}"
EndProject
Project("{8BC9CEB8-8B4A-11D0-8D11-00A0C91BC942}") = "include", "include\include.vcxproj", "{4056C21B-7132-4687-BF10-30589B63C7E0}"
EndProject
Project("{2150E333-8FDC-42A3-9474-1A3956D46DE8}") = "Tool", "Tool", "{00A40A2B-3D6B-4442-A062-7227BF84AB60}"
EndProject
Project("{8BC9CEB8-8B4A-11D0-8D11-00A0C91BC942}") = "createq", "createq\createq.vcxproj", "{F4FAF2A7-A67B-40A9-A0FB-FCD4EADBADE5}"
EndProject
Project("{8BC9CEB8-8B4A-11D0-8D11-00A0C91BC942}") = "createb", "createb\createb.vcxproj", "{D30A1086-0917-499A-A26C-6B713EE1FE60}"
EndProject
Project("{8BC9CEB8-8B4A-11D0-8D11-00A0C91BC942}") = "toolgplat", "toolgplat\toolgplat.vcxproj", "{BF55FF22-3D04-457A-8F2F-3557DF7EA3E5}"
EndProject
Project("{8BC9CEB8-8B4A-11D0-8D11-00A0C91BC942}") = "testapp", "testapp\testapp.vcxproj", "{9EE769DE-FA27-4E23-9D16-51D1C40A9110}"
EndProject
Project("{8BC9CEB8-8B4A-11D0-8D11-00A0C91BC942}") = "s7ioserver", "s7ioserver\s7ioserver.vcxproj", "{97A0A472-6119-464F-AA0A-35F9F1C93F23}"
EndProject
Global
	GlobalSection(SolutionConfigurationPlatforms) = preSolution
		Debug|Any CPU = Debug|Any CPU
		Debug|ARM = Debug|ARM
		Debug|ARM64 = Debug|ARM64
		Debug|x64 = Debug|x64
		Debug|x86 = Debug|x86
		Release|Any CPU = Release|Any CPU
		Release|ARM = Release|ARM
		Release|ARM64 = Release|ARM64
		Release|x64 = Release|x64
		Release|x86 = Release|x86
	EndGlobalSection
	GlobalSection(ProjectConfigurationPlatforms) = postSolution
		{531CBA93-B40F-460F-8781-3F9212B8E07A}.Debug|Any CPU.ActiveCfg = Debug|x64
		{531CBA93-B40F-460F-8781-3F9212B8E07A}.Debug|Any CPU.Build.0 = Debug|x64
		{531CBA93-B40F-460F-8781-3F9212B8E07A}.Debug|Any CPU.Deploy.0 = Debug|x64
		{531CBA93-B40F-460F-8781-3F9212B8E07A}.Debug|ARM.ActiveCfg = Debug|ARM
		{531CBA93-B40F-460F-8781-3F9212B8E07A}.Debug|ARM.Build.0 = Debug|ARM
		{531CBA93-B40F-460F-8781-3F9212B8E07A}.Debug|ARM.Deploy.0 = Debug|ARM
		{531CBA93-B40F-460F-8781-3F9212B8E07A}.Debug|ARM64.ActiveCfg = Debug|ARM64
		{531CBA93-B40F-460F-8781-3F9212B8E07A}.Debug|ARM64.Build.0 = Debug|ARM64
		{531CBA93-B40F-460F-8781-3F9212B8E07A}.Debug|ARM64.Deploy.0 = Debug|ARM64
		{531CBA93-B40F-460F-8781-3F9212B8E07A}.Debug|x64.ActiveCfg = Debug|x64
		{531CBA93-B40F-460F-8781-3F9212B8E07A}.Debug|x64.Build.0 = Debug|x64
		{531CBA93-B40F-460F-8781-3F9212B8E07A}.Debug|x64.Deploy.0 = Debug|x64
		{531CBA93-B40F-460F-8781-3F9212B8E07A}.Debug|x86.ActiveCfg = Debug|x86
		{531CBA93-B40F-460F-8781-3F9212B8E07A}.Debug|x86.Build.0 = Debug|x86
		{531CBA93-B40F-460F-8781-3F9212B8E07A}.Debug|x86.Deploy.0 = Debug|x86
		{531CBA93-B40F-460F-8781-3F9212B8E07A}.Release|Any CPU.ActiveCfg = Release|x64
		{531CBA93-B40F-460F-8781-3F9212B8E07A}.Release|Any CPU.Build.0 = Release|x64
		{531CBA93-B40F-460F-8781-3F9212B8E07A}.Release|Any CPU.Deploy.0 = Release|x64
		{531CBA93-B40F-460F-8781-3F9212B8E07A}.Release|ARM.ActiveCfg = Release|ARM
		{531CBA93-B40F-460F-8781-3F9212B8E07A}.Release|ARM.Build.0 = Release|ARM
		{531CBA93-B40F-460F-8781-3F9212B8E07A}.Release|ARM.Deploy.0 = Release|ARM
		{531CBA93-B40F-460F-8781-3F9212B8E07A}.Release|ARM64.ActiveCfg = Release|ARM64
		{531CBA93-B40F-460F-8781-3F9212B8E07A}.Release|ARM64.Build.0 = Release|ARM64
		{531CBA93-B40F-460F-8781-3F9212B8E07A}.Release|ARM64.Deploy.0 = Release|ARM64
		{531CBA93-B40F-460F-8781-3F9212B8E07A}.Release|x64.ActiveCfg = Release|x64
		{531CBA93-B40F-460F-8781-3F9212B8E07A}.Release|x64.Build.0 = Release|x64
		{531CBA93-B40F-460F-8781-3F9212B8E07A}.Release|x64.Deploy.0 = Release|x64
		{531CBA93-B40F-460F-8781-3F9212B8E07A}.Release|x86.ActiveCfg = Release|x86
		{531CBA93-B40F-460F-8781-3F9212B8E07A}.Release|x86.Build.0 = Release|x86
		{531CBA93-B40F-460F-8781-3F9212B8E07A}.Release|x86.Deploy.0 = Release|x86
		{AED5EBBD-9873-46BD-9EEA-9552102F840A}.Debug|Any CPU.ActiveCfg = Debug|x64
		{AED5EBBD-9873-46BD-9EEA-9552102F840A}.Debug|Any CPU.Build.0 = Debug|x64
		{AED5EBBD-9873-46BD-9EEA-9552102F840A}.Debug|Any CPU.Deploy.0 = Debug|x64
		{AED5EBBD-9873-46BD-9EEA-9552102F840A}.Debug|ARM.ActiveCfg = Debug|ARM
		{AED5EBBD-9873-46BD-9EEA-9552102F840A}.Debug|ARM.Build.0 = Debug|ARM
		{AED5EBBD-9873-46BD-9EEA-9552102F840A}.Debug|ARM.Deploy.0 = Debug|ARM
		{AED5EBBD-9873-46BD-9EEA-9552102F840A}.Debug|ARM64.ActiveCfg = Debug|ARM64
		{AED5EBBD-9873-46BD-9EEA-9552102F840A}.Debug|ARM64.Build.0 = Debug|ARM64
		{AED5EBBD-9873-46BD-9EEA-9552102F840A}.Debug|ARM64.Deploy.0 = Debug|ARM64
		{AED5EBBD-9873-46BD-9EEA-9552102F840A}.Debug|x64.ActiveCfg = Debug|x64
		{AED5EBBD-9873-46BD-9EEA-9552102F840A}.Debug|x64.Build.0 = Debug|x64
		{AED5EBBD-9873-46BD-9EEA-9552102F840A}.Debug|x64.Deploy.0 = Debug|x64
		{AED5EBBD-9873-46BD-9EEA-9552102F840A}.Debug|x86.ActiveCfg = Debug|x86
		{AED5EBBD-9873-46BD-9EEA-9552102F840A}.Debug|x86.Build.0 = Debug|x86
		{AED5EBBD-9873-46BD-9EEA-9552102F840A}.Debug|x86.Deploy.0 = Debug|x86
		{AED5EBBD-9873-46BD-9EEA-9552102F840A}.Release|Any CPU.ActiveCfg = Release|x64
		{AED5EBBD-9873-46BD-9EEA-9552102F840A}.Release|Any CPU.Build.0 = Release|x64
		{AED5EBBD-9873-46BD-9EEA-9552102F840A}.Release|Any CPU.Deploy.0 = Release|x64
		{AED5EBBD-9873-46BD-9EEA-9552102F840A}.Release|ARM.ActiveCfg = Release|ARM
		{AED5EBBD-9873-46BD-9EEA-9552102F840A}.Release|ARM.Build.0 = Release|ARM
		{AED5EBBD-9873-46BD-9EEA-9552102F840A}.Release|ARM.Deploy.0 = Release|ARM
		{AED5EBBD-9873-46BD-9EEA-9552102F840A}.Release|ARM64.ActiveCfg = Release|ARM64
		{AED5EBBD-9873-46BD-9EEA-9552102F840A}.Release|ARM64.Build.0 = Release|ARM64
		{AED5EBBD-9873-46BD-9EEA-9552102F840A}.Release|ARM64.Deploy.0 = Release|ARM64
		{AED5EBBD-9873-46BD-9EEA-9552102F840A}.Release|x64.ActiveCfg = Release|x64
		{AED5EBBD-9873-46BD-9EEA-9552102F840A}.Release|x64.Build.0 = Release|x64
		{AED5EBBD-9873-46BD-9EEA-9552102F840A}.Release|x64.Deploy.0 = Release|x64
		{AED5EBBD-9873-46BD-9EEA-9552102F840A}.Release|x86.ActiveCfg = Release|x86
		{AED5EBBD-9873-46BD-9EEA-9552102F840A}.Release|x86.Build.0 = Release|x86
		{AED5EBBD-9873-46BD-9EEA-9552102F840A}.Release|x86.Deploy.0 = Release|x86
		{4056C21B-7132-4687-BF10-30589B63C7E0}.Debug|Any CPU.ActiveCfg = Debug|x64
		{4056C21B-7132-4687-BF10-30589B63C7E0}.Debug|Any CPU.Build.0 = Debug|x64
		{4056C21B-7132-4687-BF10-30589B63C7E0}.Debug|Any CPU.Deploy.0 = Debug|x64
		{4056C21B-7132-4687-BF10-30589B63C7E0}.Debug|ARM.ActiveCfg = Debug|ARM
		{4056C21B-7132-4687-BF10-30589B63C7E0}.Debug|ARM.Build.0 = Debug|ARM
		{4056C21B-7132-4687-BF10-30589B63C7E0}.Debug|ARM.Deploy.0 = Debug|ARM
		{4056C21B-7132-4687-BF10-30589B63C7E0}.Debug|ARM64.ActiveCfg = Debug|ARM64
		{4056C21B-7132-4687-BF10-30589B63C7E0}.Debug|ARM64.Build.0 = Debug|ARM64
		{4056C21B-7132-4687-BF10-30589B63C7E0}.Debug|ARM64.Deploy.0 = Debug|ARM64
		{4056C21B-7132-4687-BF10-30589B63C7E0}.Debug|x64.ActiveCfg = Debug|x64
		{4056C21B-7132-4687-BF10-30589B63C7E0}.Debug|x64.Build.0 = Debug|x64
		{4056C21B-7132-4687-BF10-30589B63C7E0}.Debug|x64.Deploy.0 = Debug|x64
		{4056C21B-7132-4687-BF10-30589B63C7E0}.Debug|x86.ActiveCfg = Debug|x86
		{4056C21B-7132-4687-BF10-30589B63C7E0}.Debug|x86.Build.0 = Debug|x86
		{4056C21B-7132-4687-BF10-30589B63C7E0}.Debug|x86.Deploy.0 = Debug|x86
		{4056C21B-7132-4687-BF10-30589B63C7E0}.Release|Any CPU.ActiveCfg = Release|x64
		{4056C21B-7132-4687-BF10-30589B63C7E0}.Release|Any CPU.Build.0 = Release|x64
		{4056C21B-7132-4687-BF10-30589B63C7E0}.Release|Any CPU.Deploy.0 = Release|x64
		{4056C21B-7132-4687-BF10-30589B63C7E0}.Release|ARM.ActiveCfg = Release|ARM
		{4056C21B-7132-4687-BF10-30589B63C7E0}.Release|ARM.Build.0 = Release|ARM
		{4056C21B-7132-4687-BF10-30589B63C7E0}.Release|ARM.Deploy.0 = Release|ARM
		{4056C21B-7132-4687-BF10-30589B63C7E0}.Release|ARM64.ActiveCfg = Release|ARM64
		{4056C21B-7132-4687-BF10-30589B63C7E0}.Release|ARM64.Build.0 = Release|ARM64
		{4056C21B-7132-4687-BF10-30589B63C7E0}.Release|ARM64.Deploy.0 = Release|ARM64
		{4056C21B-7132-4687-BF10-30589B63C7E0}.Release|x64.ActiveCfg = Release|x64
		{4056C21B-7132-4687-BF10-30589B63C7E0}.Release|x64.Build.0 = Release|x64
		{4056C21B-7132-4687-BF10-30589B63C7E0}.Release|x64.Deploy.0 = Release|x64
		{4056C21B-7132-4687-BF10-30589B63C7E0}.Release|x86.ActiveCfg = Release|x86
		{4056C21B-7132-4687-BF10-30589B63C7E0}.Release|x86.Build.0 = Release|x86
		{4056C21B-7132-4687-BF10-30589B63C7E0}.Release|x86.Deploy.0 = Release|x86
		{F4FAF2A7-A67B-40A9-A0FB-FCD4EADBADE5}.Debug|Any CPU.ActiveCfg = Debug|x64
		{F4FAF2A7-A67B-40A9-A0FB-FCD4EADBADE5}.Debug|Any CPU.Build.0 = Debug|x64
		{F4FAF2A7-A67B-40A9-A0FB-FCD4EADBADE5}.Debug|Any CPU.Deploy.0 = Debug|x64
		{F4FAF2A7-A67B-40A9-A0FB-FCD4EADBADE5}.Debug|ARM.ActiveCfg = Debug|ARM
		{F4FAF2A7-A67B-40A9-A0FB-FCD4EADBADE5}.Debug|ARM.Build.0 = Debug|ARM
		{F4FAF2A7-A67B-40A9-A0FB-FCD4EADBADE5}.Debug|ARM.Deploy.0 = Debug|ARM
		{F4FAF2A7-A67B-40A9-A0FB-FCD4EADBADE5}.Debug|ARM64.ActiveCfg = Debug|ARM64
		{F4FAF2A7-A67B-40A9-A0FB-FCD4EADBADE5}.Debug|ARM64.Build.0 = Debug|ARM64
		{F4FAF2A7-A67B-40A9-A0FB-FCD4EADBADE5}.Debug|ARM64.Deploy.0 = Debug|ARM64
		{F4FAF2A7-A67B-40A9-A0FB-FCD4EADBADE5}.Debug|x64.ActiveCfg = Debug|x64
		{F4FAF2A7-A67B-40A9-A0FB-FCD4EADBADE5}.Debug|x64.Build.0 = Debug|x64
		{F4FAF2A7-A67B-40A9-A0FB-FCD4EADBADE5}.Debug|x64.Deploy.0 = Debug|x64
		{F4FAF2A7-A67B-40A9-A0FB-FCD4EADBADE5}.Debug|x86.ActiveCfg = Debug|x86
		{F4FAF2A7-A67B-40A9-A0FB-FCD4EADBADE5}.Debug|x86.Build.0 = Debug|x86
		{F4FAF2A7-A67B-40A9-A0FB-FCD4EADBADE5}.Debug|x86.Deploy.0 = Debug|x86
		{F4FAF2A7-A67B-40A9-A0FB-FCD4EADBADE5}.Release|Any CPU.ActiveCfg = Release|x64
		{F4FAF2A7-A67B-40A9-A0FB-FCD4EADBADE5}.Release|Any CPU.Build.0 = Release|x64
		{F4FAF2A7-A67B-40A9-A0FB-FCD4EADBADE5}.Release|Any CPU.Deploy.0 = Release|x64
		{F4FAF2A7-A67B-40A9-A0FB-FCD4EADBADE5}.Release|ARM.ActiveCfg = Release|ARM
		{F4FAF2A7-A67B-40A9-A0FB-FCD4EADBADE5}.Release|ARM.Build.0 = Release|ARM
		{F4FAF2A7-A67B-40A9-A0FB-FCD4EADBADE5}.Release|ARM.Deploy.0 = Release|ARM
		{F4FAF2A7-A67B-40A9-A0FB-FCD4EADBADE5}.Release|ARM64.ActiveCfg = Release|ARM64
		{F4FAF2A7-A67B-40A9-A0FB-FCD4EADBADE5}.Release|ARM64.Build.0 = Release|ARM64
		{F4FAF2A7-A67B-40A9-A0FB-FCD4EADBADE5}.Release|ARM64.Deploy.0 = Release|ARM64
		{F4FAF2A7-A67B-40A9-A0FB-FCD4EADBADE5}.Release|x64.ActiveCfg = Release|x64
		{F4FAF2A7-A67B-40A9-A0FB-FCD4EADBADE5}.Release|x64.Build.0 = Release|x64
		{F4FAF2A7-A67B-40A9-A0FB-FCD4EADBADE5}.Release|x64.Deploy.0 = Release|x64
		{F4FAF2A7-A67B-40A9-A0FB-FCD4EADBADE5}.Release|x86.ActiveCfg = Release|x86
		{F4FAF2A7-A67B-40A9-A0FB-FCD4EADBADE5}.Release|x86.Build.0 = Release|x86
		{F4FAF2A7-A67B-40A9-A0FB-FCD4EADBADE5}.Release|x86.Deploy.0 = Release|x86
		{D30A1086-0917-499A-A26C-6B713EE1FE60}.Debug|Any CPU.ActiveCfg = Debug|x64
		{D30A1086-0917-499A-A26C-6B713EE1FE60}.Debug|Any CPU.Build.0 = Debug|x64
		{D30A1086-0917-499A-A26C-6B713EE1FE60}.Debug|Any CPU.Deploy.0 = Debug|x64
		{D30A1086-0917-499A-A26C-6B713EE1FE60}.Debug|ARM.ActiveCfg = Debug|ARM
		{D30A1086-0917-499A-A26C-6B713EE1FE60}.Debug|ARM.Build.0 = Debug|ARM
		{D30A1086-0917-499A-A26C-6B713EE1FE60}.Debug|ARM.Deploy.0 = Debug|ARM
		{D30A1086-0917-499A-A26C-6B713EE1FE60}.Debug|ARM64.ActiveCfg = Debug|ARM64
		{D30A1086-0917-499A-A26C-6B713EE1FE60}.Debug|ARM64.Build.0 = Debug|ARM64
		{D30A1086-0917-499A-A26C-6B713EE1FE60}.Debug|ARM64.Deploy.0 = Debug|ARM64
		{D30A1086-0917-499A-A26C-6B713EE1FE60}.Debug|x64.ActiveCfg = Debug|x64
		{D30A1086-0917-499A-A26C-6B713EE1FE60}.Debug|x64.Build.0 = Debug|x64
		{D30A1086-0917-499A-A26C-6B713EE1FE60}.Debug|x64.Deploy.0 = Debug|x64
		{D30A1086-0917-499A-A26C-6B713EE1FE60}.Debug|x86.ActiveCfg = Debug|x86
		{D30A1086-0917-499A-A26C-6B713EE1FE60}.Debug|x86.Build.0 = Debug|x86
		{D30A1086-0917-499A-A26C-6B713EE1FE60}.Debug|x86.Deploy.0 = Debug|x86
		{D30A1086-0917-499A-A26C-6B713EE1FE60}.Release|Any CPU.ActiveCfg = Release|x64
		{D30A1086-0917-499A-A26C-6B713EE1FE60}.Release|Any CPU.Build.0 = Release|x64
		{D30A1086-0917-499A-A26C-6B713EE1FE60}.Release|Any CPU.Deploy.0 = Release|x64
		{D30A1086-0917-499A-A26C-6B713EE1FE60}.Release|ARM.ActiveCfg = Release|ARM
		{D30A1086-0917-499A-A26C-6B713EE1FE60}.Release|ARM.Build.0 = Release|ARM
		{D30A1086-0917-499A-A26C-6B713EE1FE60}.Release|ARM.Deploy.0 = Release|ARM
		{D30A1086-0917-499A-A26C-6B713EE1FE60}.Release|ARM64.ActiveCfg = Release|ARM64
		{D30A1086-0917-499A-A26C-6B713EE1FE60}.Release|ARM64.Build.0 = Release|ARM64
		{D30A1086-0917-499A-A26C-6B713EE1FE60}.Release|ARM64.Deploy.0 = Release|ARM64
		{D30A1086-0917-499A-A26C-6B713EE1FE60}.Release|x64.ActiveCfg = Release|x64
		{D30A1086-0917-499A-A26C-6B713EE1FE60}.Release|x64.Build.0 = Release|x64
		{D30A1086-0917-499A-A26C-6B713EE1FE60}.Release|x64.Deploy.0 = Release|x64
		{D30A1086-0917-499A-A26C-6B713EE1FE60}.Release|x86.ActiveCfg = Release|x86
		{D30A1086-0917-499A-A26C-6B713EE1FE60}.Release|x86.Build.0 = Release|x86
		{D30A1086-0917-499A-A26C-6B713EE1FE60}.Release|x86.Deploy.0 = Release|x86
		{BF55FF22-3D04-457A-8F2F-3557DF7EA3E5}.Debug|Any CPU.ActiveCfg = Debug|x64
		{BF55FF22-3D04-457A-8F2F-3557DF7EA3E5}.Debug|Any CPU.Build.0 = Debug|x64
		{BF55FF22-3D04-457A-8F2F-3557DF7EA3E5}.Debug|Any CPU.Deploy.0 = Debug|x64
		{BF55FF22-3D04-457A-8F2F-3557DF7EA3E5}.Debug|ARM.ActiveCfg = Debug|ARM
		{BF55FF22-3D04-457A-8F2F-3557DF7EA3E5}.Debug|ARM.Build.0 = Debug|ARM
		{BF55FF22-3D04-457A-8F2F-3557DF7EA3E5}.Debug|ARM.Deploy.0 = Debug|ARM
		{BF55FF22-3D04-457A-8F2F-3557DF7EA3E5}.Debug|ARM64.ActiveCfg = Debug|ARM64
		{BF55FF22-3D04-457A-8F2F-3557DF7EA3E5}.Debug|ARM64.Build.0 = Debug|ARM64
		{BF55FF22-3D04-457A-8F2F-3557DF7EA3E5}.Debug|ARM64.Deploy.0 = Debug|ARM64
		{BF55FF22-3D04-457A-8F2F-3557DF7EA3E5}.Debug|x64.ActiveCfg = Debug|x64
		{BF55FF22-3D04-457A-8F2F-3557DF7EA3E5}.Debug|x64.Build.0 = Debug|x64
		{BF55FF22-3D04-457A-8F2F-3557DF7EA3E5}.Debug|x64.Deploy.0 = Debug|x64
		{BF55FF22-3D04-457A-8F2F-3557DF7EA3E5}.Debug|x86.ActiveCfg = Debug|x86
		{BF55FF22-3D04-457A-8F2F-3557DF7EA3E5}.Debug|x86.Build.0 = Debug|x86
		{BF55FF22-3D04-457A-8F2F-3557DF7EA3E5}.Debug|x86.Deploy.0 = Debug|x86
		{BF55FF22-3D04-457A-8F2F-3557DF7EA3E5}.Release|Any CPU.ActiveCfg = Release|x64
		{BF55FF22-3D04-457A-8F2F-3557DF7EA3E5}.Release|Any CPU.Build.0 = Release|x64
		{BF55FF22-3D04-457A-8F2F-3557DF7EA3E5}.Release|Any CPU.Deploy.0 = Release|x64
		{BF55FF22-3D04-457A-8F2F-3557DF7EA3E5}.Release|ARM.ActiveCfg = Release|ARM
		{BF55FF22-3D04-457A-8F2F-3557DF7EA3E5}.Release|ARM.Build.0 = Release|ARM
		{BF55FF22-3D04-457A-8F2F-3557DF7EA3E5}.Release|ARM.Deploy.0 = Release|ARM
		{BF55FF22-3D04-457A-8F2F-3557DF7EA3E5}.Release|ARM64.ActiveCfg = Release|ARM64
		{BF55FF22-3D04-457A-8F2F-3557DF7EA3E5}.Release|ARM64.Build.0 = Release|ARM64
		{BF55FF22-3D04-457A-8F2F-3557DF7EA3E5}.Release|ARM64.Deploy.0 = Release|ARM64
		{BF55FF22-3D04-457A-8F2F-3557DF7EA3E5}.Release|x64.ActiveCfg = Release|x64
		{BF55FF22-3D04-457A-8F2F-3557DF7EA3E5}.Release|x64.Build.0 = Release|x64
		{BF55FF22-3D04-457A-8F2F-3557DF7EA3E5}.Release|x64.Deploy.0 = Release|x64
		{BF55FF22-3D04-457A-8F2F-3557DF7EA3E5}.Release|x86.ActiveCfg = Release|x86
		{BF55FF22-3D04-457A-8F2F-3557DF7EA3E5}.Release|x86.Build.0 = Release|x86
		{BF55FF22-3D04-457A-8F2F-3557DF7EA3E5}.Release|x86.Deploy.0 = Release|x86
		{9EE769DE-FA27-4E23-9D16-51D1C40A9110}.Debug|Any CPU.ActiveCfg = Debug|x64
		{9EE769DE-FA27-4E23-9D16-51D1C40A9110}.Debug|Any CPU.Build.0 = Debug|x64
		{9EE769DE-FA27-4E23-9D16-51D1C40A9110}.Debug|Any CPU.Deploy.0 = Debug|x64
		{9EE769DE-FA27-4E23-9D16-51D1C40A9110}.Debug|ARM.ActiveCfg = Debug|ARM
		{9EE769DE-FA27-4E23-9D16-51D1C40A9110}.Debug|ARM.Build.0 = Debug|ARM
		{9EE769DE-FA27-4E23-9D16-51D1C40A9110}.Debug|ARM.Deploy.0 = Debug|ARM
		{9EE769DE-FA27-4E23-9D16-51D1C40A9110}.Debug|ARM64.ActiveCfg = Debug|ARM64
		{9EE769DE-FA27-4E23-9D16-51D1C40A9110}.Debug|ARM64.Build.0 = Debug|ARM64
		{9EE769DE-FA27-4E23-9D16-51D1C40A9110}.Debug|ARM64.Deploy.0 = Debug|ARM64
		{9EE769DE-FA27-4E23-9D16-51D1C40A9110}.Debug|x64.ActiveCfg = Debug|x64
		{9EE769DE-FA27-4E23-9D16-51D1C40A9110}.Debug|x64.Build.0 = Debug|x64
		{9EE769DE-FA27-4E23-9D16-51D1C40A9110}.Debug|x64.Deploy.0 = Debug|x64
		{9EE769DE-FA27-4E23-9D16-51D1C40A9110}.Debug|x86.ActiveCfg = Debug|x86
		{9EE769DE-FA27-4E23-9D16-51D1C40A9110}.Debug|x86.Build.0 = Debug|x86
		{9EE769DE-FA27-4E23-9D16-51D1C40A9110}.Debug|x86.Deploy.0 = Debug|x86
		{9EE769DE-FA27-4E23-9D16-51D1C40A9110}.Release|Any CPU.ActiveCfg = Release|x64
		{9EE769DE-FA27-4E23-9D16-51D1C40A9110}.Release|Any CPU.Build.0 = Release|x64
		{9EE769DE-FA27-4E23-9D16-51D1C40A9110}.Release|Any CPU.Deploy.0 = Release|x64
		{9EE769DE-FA27-4E23-9D16-51D1C40A9110}.Release|ARM.ActiveCfg = Release|ARM
		{9EE769DE-FA27-4E23-9D16-51D1C40A9110}.Release|ARM.Build.0 = Release|ARM
		{9EE769DE-FA27-4E23-9D16-51D1C40A9110}.Release|ARM.Deploy.0 = Release|ARM
		{9EE769DE-FA27-4E23-9D16-51D1C40A9110}.Release|ARM64.ActiveCfg = Release|ARM64
		{9EE769DE-FA27-4E23-9D16-51D1C40A9110}.Release|ARM64.Build.0 = Release|ARM64
		{9EE769DE-FA27-4E23-9D16-51D1C40A9110}.Release|ARM64.Deploy.0 = Release|ARM64
		{9EE769DE-FA27-4E23-9D16-51D1C40A9110}.Release|x64.ActiveCfg = Release|x64
		{9EE769DE-FA27-4E23-9D16-51D1C40A9110}.Release|x64.Build.0 = Release|x64
		{9EE769DE-FA27-4E23-9D16-51D1C40A9110}.Release|x64.Deploy.0 = Release|x64
		{9EE769DE-FA27-4E23-9D16-51D1C40A9110}.Release|x86.ActiveCfg = Release|x86
		{9EE769DE-FA27-4E23-9D16-51D1C40A9110}.Release|x86.Build.0 = Release|x86
		{9EE769DE-FA27-4E23-9D16-51D1C40A9110}.Release|x86.Deploy.0 = Release|x86
		{97A0A472-6119-464F-AA0A-35F9F1C93F23}.Debug|Any CPU.ActiveCfg = Debug|x64
		{97A0A472-6119-464F-AA0A-35F9F1C93F23}.Debug|Any CPU.Build.0 = Debug|x64
		{97A0A472-6119-464F-AA0A-35F9F1C93F23}.Debug|Any CPU.Deploy.0 = Debug|x64
		{97A0A472-6119-464F-AA0A-35F9F1C93F23}.Debug|ARM.ActiveCfg = Debug|ARM
		{97A0A472-6119-464F-AA0A-35F9F1C93F23}.Debug|ARM.Build.0 = Debug|ARM
		{97A0A472-6119-464F-AA0A-35F9F1C93F23}.Debug|ARM.Deploy.0 = Debug|ARM
		{97A0A472-6119-464F-AA0A-35F9F1C93F23}.Debug|ARM64.ActiveCfg = Debug|ARM64
		{97A0A472-6119-464F-AA0A-35F9F1C93F23}.Debug|ARM64.Build.0 = Debug|ARM64
		{97A0A472-6119-464F-AA0A-35F9F1C93F23}.Debug|ARM64.Deploy.0 = Debug|ARM64
		{97A0A472-6119-464F-AA0A-35F9F1C93F23}.Debug|x64.ActiveCfg = Debug|x64
		{97A0A472-6119-464F-AA0A-35F9F1C93F23}.Debug|x64.Build.0 = Debug|x64
		{97A0A472-6119-464F-AA0A-35F9F1C93F23}.Debug|x64.Deploy.0 = Debug|x64
		{97A0A472-6119-464F-AA0A-35F9F1C93F23}.Debug|x86.ActiveCfg = Debug|x86
		{97A0A472-6119-464F-AA0A-35F9F1C93F23}.Debug|x86.Build.0 = Debug|x86
		{97A0A472-6119-464F-AA0A-35F9F1C93F23}.Debug|x86.Deploy.0 = Debug|x86
		{97A0A472-6119-464F-AA0A-35F9F1C93F23}.Release|Any CPU.ActiveCfg = Release|x64
		{97A0A472-6119-464F-AA0A-35F9F1C93F23}.Release|Any CPU.Build.0 = Release|x64
		{97A0A472-6119-464F-AA0A-35F9F1C93F23}.Release|Any CPU.Deploy.0 = Release|x64
		{97A0A472-6119-464F-AA0A-35F9F1C93F23}.Release|ARM.ActiveCfg = Release|ARM
		{97A0A472-6119-464F-AA0A-35F9F1C93F23}.Release|ARM.Build.0 = Release|ARM
		{97A0A472-6119-464F-AA0A-35F9F1C93F23}.Release|ARM.Deploy.0 = Release|ARM
		{97A0A472-6119-464F-AA0A-35F9F1C93F23}.Release|ARM64.ActiveCfg = Release|ARM64
		{97A0A472-6119-464F-AA0A-35F9F1C93F23}.Release|ARM64.Build.0 = Release|ARM64
		{97A0A472-6119-464F-AA0A-35F9F1C93F23}.Release|ARM64.Deploy.0 = Release|ARM64
		{97A0A472-6119-464F-AA0A-35F9F1C93F23}.Release|x64.ActiveCfg = Release|x64
		{97A0A472-6119-464F-AA0A-35F9F1C93F23}.Release|x64.Build.0 = Release|x64
		{97A0A472-6119-464F-AA0A-35F9F1C93F23}.Release|x64.Deploy.0 = Release|x64
		{97A0A472-6119-464F-AA0A-35F9F1C93F23}.Release|x86.ActiveCfg = Release|x86
		{97A0A472-6119-464F-AA0A-35F9F1C93F23}.Release|x86.Build.0 = Release|x86
		{97A0A472-6119-464F-AA0A-35F9F1C93F23}.Release|x86.Deploy.0 = Release|x86
	EndGlobalSection
	GlobalSection(SolutionProperties) = preSolution
		HideSolutionNode = FALSE
	EndGlobalSection
	GlobalSection(NestedProjects) = preSolution
		{F4FAF2A7-A67B-40A9-A0FB-FCD4EADBADE5} = {00A40A2B-3D6B-4442-A062-7227BF84AB60}
		{D30A1086-0917-499A-A26C-6B713EE1FE60} = {00A40A2B-3D6B-4442-A062-7227BF84AB60}
		{BF55FF22-3D04-457A-8F2F-3557DF7EA3E5} = {00A40A2B-3D6B-4442-A062-7227BF84AB60}
	EndGlobalSection
	GlobalSection(ExtensibilityGlobals) = postSolution
		SolutionGuid = {B37DE83D-1D3E-4630-9C9E-ACE8CE4B8F52}
	EndGlobalSection
EndGlobal
