<?xml version="1.0" encoding="utf-8"?>
<Project ToolsVersion="4.0" xmlns="http://schemas.microsoft.com/developer/msbuild/2003">
  <ItemGroup>
    <ClCompile Include="ngx_c_conf.cxx">
      <Filter>nginx</Filter>
    </ClCompile>
    <ClCompile Include="ngx_string.cxx">
      <Filter>nginx</Filter>
    </ClCompile>
    <ClCompile Include="ngx_setproctitle.cxx">
      <Filter>nginx</Filter>
    </ClCompile>
    <ClCompile Include="ngx_log.cxx">
      <Filter>nginx</Filter>
    </ClCompile>
    <ClCompile Include="ngx_printf.cxx">
      <Filter>nginx</Filter>
    </ClCompile>
    <ClCompile Include="nginx.cxx" />
    <ClCompile Include="ngx_signal.cxx">
      <Filter>nginx</Filter>
    </ClCompile>
    <ClCompile Include="ngx_process_cycle.cxx">
      <Filter>nginx</Filter>
    </ClCompile>
    <ClCompile Include="ngx_daemon.cxx">
      <Filter>nginx</Filter>
    </ClCompile>
    <ClCompile Include="ngx_c_socket.cxx">
      <Filter>nginx</Filter>
    </ClCompile>
    <ClCompile Include="ngx_c_socket_accept.cxx">
      <Filter>nginx</Filter>
    </ClCompile>
    <ClCompile Include="ngx_c_socket_conn.cxx">
      <Filter>nginx</Filter>
    </ClCompile>
    <ClCompile Include="ngx_c_socket_inet.cxx">
      <Filter>nginx</Filter>
    </ClCompile>
    <ClCompile Include="ngx_c_socket_request.cxx">
      <Filter>nginx</Filter>
    </ClCompile>
    <ClCompile Include="ngx_event.cxx">
      <Filter>nginx</Filter>
    </ClCompile>
    <ClCompile Include="ngx_c_memory.cxx">
      <Filter>nginx</Filter>
    </ClCompile>
  </ItemGroup>
  <ItemGroup>
    <Filter Include="nginx">
      <UniqueIdentifier>{d47eef12-822f-4157-b971-a1262ad7ac1d}</UniqueIdentifier>
    </Filter>
    <Filter Include="nginx_h">
      <UniqueIdentifier>{47a09e95-edb3-46a2-af2e-d8157b0d2887}</UniqueIdentifier>
    </Filter>
  </ItemGroup>
  <ItemGroup>
    <ClInclude Include="ngx_c_conf.h">
      <Filter>nginx_h</Filter>
    </ClInclude>
    <ClInclude Include="ngx_func.h">
      <Filter>nginx_h</Filter>
    </ClInclude>
    <ClInclude Include="ngx_global.h">
      <Filter>nginx_h</Filter>
    </ClInclude>
    <ClInclude Include="ngx_macro.h">
      <Filter>nginx_h</Filter>
    </ClInclude>
    <ClInclude Include="ngx_signal.h">
      <Filter>nginx_h</Filter>
    </ClInclude>
    <ClInclude Include="ngx_c_socket.h">
      <Filter>nginx_h</Filter>
    </ClInclude>
    <ClInclude Include="ngx_c_memory.h">
      <Filter>nginx_h</Filter>
    </ClInclude>
    <ClInclude Include="ngx_comm.h">
      <Filter>nginx_h</Filter>
    </ClInclude>
  </ItemGroup>
</Project>